// !$*UTF8*$!
{
	archiveVersion = 1;
	classes = {
	};
	objectVersion = 48;
	objects = {

/* Begin PBXBuildFile section */
		01918A36AF7A17E1BE5FF362 /* Pods_saxy_weight.framework in Frameworks */ = {isa = PBXBuildFile; fileRef = 8539E7B33FE5D1D39BD48B02 /* Pods_saxy_weight.framework */; };
		0311E4F12076F5CD00579AA4 /* AppDelegate.swift in Sources */ = {isa = PBXBuildFile; fileRef = 0311E4F02076F5CD00579AA4 /* AppDelegate.swift */; };
		0311E4F32076F5CD00579AA4 /* ViewController.swift in Sources */ = {isa = PBXBuildFile; fileRef = 0311E4F22076F5CD00579AA4 /* ViewController.swift */; };
		0311E4F62076F5CD00579AA4 /* Main.storyboard in Resources */ = {isa = PBXBuildFile; fileRef = 0311E4F42076F5CD00579AA4 /* Main.storyboard */; };
		0311E4F92076F5CD00579AA4 /* saxy_weight.xcdatamodeld in Sources */ = {isa = PBXBuildFile; fileRef = 0311E4F72076F5CD00579AA4 /* saxy_weight.xcdatamodeld */; };
		0311E4FB2076F5CD00579AA4 /* Assets.xcassets in Resources */ = {isa = PBXBuildFile; fileRef = 0311E4FA2076F5CD00579AA4 /* Assets.xcassets */; };
		0311E4FE2076F5CD00579AA4 /* LaunchScreen.storyboard in Resources */ = {isa = PBXBuildFile; fileRef = 0311E4FC2076F5CD00579AA4 /* LaunchScreen.storyboard */; };
		0311E5092077163400579AA4 /* Card.swift in Sources */ = {isa = PBXBuildFile; fileRef = 0311E5082077163400579AA4 /* Card.swift */; };
		0311E50C207719FA00579AA4 /* HomeVC.swift in Sources */ = {isa = PBXBuildFile; fileRef = 0311E50B207719FA00579AA4 /* HomeVC.swift */; };
		0311E50E20771A0E00579AA4 /* WeightVC.swift in Sources */ = {isa = PBXBuildFile; fileRef = 0311E50D20771A0E00579AA4 /* WeightVC.swift */; };
		0311E51020771A2000579AA4 /* LogbookVC.swift in Sources */ = {isa = PBXBuildFile; fileRef = 0311E50F20771A2000579AA4 /* LogbookVC.swift */; };
		0311E51220771A2E00579AA4 /* SettingsVC.swift in Sources */ = {isa = PBXBuildFile; fileRef = 0311E51120771A2E00579AA4 /* SettingsVC.swift */; };
		0311E5152078821C00579AA4 /* WeightService.swift in Sources */ = {isa = PBXBuildFile; fileRef = 0311E5142078821C00579AA4 /* WeightService.swift */; };
		0311E5172078826600579AA4 /* Weight.swift in Sources */ = {isa = PBXBuildFile; fileRef = 0311E5162078826600579AA4 /* Weight.swift */; };
		0311E51B20795ED600579AA4 /* Card.xib in Resources */ = {isa = PBXBuildFile; fileRef = 0311E51A20795ED600579AA4 /* Card.xib */; };
		0311E51D20795FFA00579AA4 /* Testy.swift in Sources */ = {isa = PBXBuildFile; fileRef = 0311E51C20795FFA00579AA4 /* Testy.swift */; };
/* End PBXBuildFile section */

/* Begin PBXFileReference section */
		0311E4ED2076F5CD00579AA4 /* saxy-weight.app */ = {isa = PBXFileReference; explicitFileType = wrapper.application; includeInIndex = 0; path = "saxy-weight.app"; sourceTree = BUILT_PRODUCTS_DIR; };
		0311E4F02076F5CD00579AA4 /* AppDelegate.swift */ = {isa = PBXFileReference; lastKnownFileType = sourcecode.swift; path = AppDelegate.swift; sourceTree = "<group>"; };
		0311E4F22076F5CD00579AA4 /* ViewController.swift */ = {isa = PBXFileReference; lastKnownFileType = sourcecode.swift; path = ViewController.swift; sourceTree = "<group>"; };
		0311E4F52076F5CD00579AA4 /* Base */ = {isa = PBXFileReference; lastKnownFileType = file.storyboard; name = Base; path = Base.lproj/Main.storyboard; sourceTree = "<group>"; };
		0311E4F82076F5CD00579AA4 /* saxy_weight.xcdatamodel */ = {isa = PBXFileReference; lastKnownFileType = wrapper.xcdatamodel; path = saxy_weight.xcdatamodel; sourceTree = "<group>"; };
		0311E4FA2076F5CD00579AA4 /* Assets.xcassets */ = {isa = PBXFileReference; lastKnownFileType = folder.assetcatalog; path = Assets.xcassets; sourceTree = "<group>"; };
		0311E4FD2076F5CD00579AA4 /* Base */ = {isa = PBXFileReference; lastKnownFileType = file.storyboard; name = Base; path = Base.lproj/LaunchScreen.storyboard; sourceTree = "<group>"; };
		0311E4FF2076F5CD00579AA4 /* Info.plist */ = {isa = PBXFileReference; lastKnownFileType = text.plist.xml; path = Info.plist; sourceTree = "<group>"; };
		0311E5082077163400579AA4 /* Card.swift */ = {isa = PBXFileReference; lastKnownFileType = sourcecode.swift; path = Card.swift; sourceTree = "<group>"; };
		0311E50B207719FA00579AA4 /* HomeVC.swift */ = {isa = PBXFileReference; lastKnownFileType = sourcecode.swift; path = HomeVC.swift; sourceTree = "<group>"; };
		0311E50D20771A0E00579AA4 /* WeightVC.swift */ = {isa = PBXFileReference; lastKnownFileType = sourcecode.swift; path = WeightVC.swift; sourceTree = "<group>"; };
		0311E50F20771A2000579AA4 /* LogbookVC.swift */ = {isa = PBXFileReference; lastKnownFileType = sourcecode.swift; path = LogbookVC.swift; sourceTree = "<group>"; };
		0311E51120771A2E00579AA4 /* SettingsVC.swift */ = {isa = PBXFileReference; lastKnownFileType = sourcecode.swift; path = SettingsVC.swift; sourceTree = "<group>"; };
		0311E5142078821C00579AA4 /* WeightService.swift */ = {isa = PBXFileReference; lastKnownFileType = sourcecode.swift; path = WeightService.swift; sourceTree = "<group>"; };
		0311E5162078826600579AA4 /* Weight.swift */ = {isa = PBXFileReference; lastKnownFileType = sourcecode.swift; path = Weight.swift; sourceTree = "<group>"; };
		0311E51A20795ED600579AA4 /* Card.xib */ = {isa = PBXFileReference; lastKnownFileType = file.xib; path = Card.xib; sourceTree = "<group>"; };
		0311E51C20795FFA00579AA4 /* Testy.swift */ = {isa = PBXFileReference; lastKnownFileType = sourcecode.swift; path = Testy.swift; sourceTree = "<group>"; };
		8539E7B33FE5D1D39BD48B02 /* Pods_saxy_weight.framework */ = {isa = PBXFileReference; explicitFileType = wrapper.framework; includeInIndex = 0; path = Pods_saxy_weight.framework; sourceTree = BUILT_PRODUCTS_DIR; };
		C5E8DE75A73334205173E677 /* Pods-saxy-weight.release.xcconfig */ = {isa = PBXFileReference; includeInIndex = 1; lastKnownFileType = text.xcconfig; name = "Pods-saxy-weight.release.xcconfig"; path = "Pods/Target Support Files/Pods-saxy-weight/Pods-saxy-weight.release.xcconfig"; sourceTree = "<group>"; };
		F6667188EB63A4CA90EED322 /* Pods-saxy-weight.debug.xcconfig */ = {isa = PBXFileReference; includeInIndex = 1; lastKnownFileType = text.xcconfig; name = "Pods-saxy-weight.debug.xcconfig"; path = "Pods/Target Support Files/Pods-saxy-weight/Pods-saxy-weight.debug.xcconfig"; sourceTree = "<group>"; };
/* End PBXFileReference section */

/* Begin PBXFrameworksBuildPhase section */
		0311E4EA2076F5CD00579AA4 /* Frameworks */ = {
			isa = PBXFrameworksBuildPhase;
			buildActionMask = 2147483647;
			files = (
				01918A36AF7A17E1BE5FF362 /* Pods_saxy_weight.framework in Frameworks */,
			);
			runOnlyForDeploymentPostprocessing = 0;
		};
/* End PBXFrameworksBuildPhase section */

/* Begin PBXGroup section */
		0311E4E42076F5CD00579AA4 = {
			isa = PBXGroup;
			children = (
				0311E4EF2076F5CD00579AA4 /* saxy-weight */,
				0311E4EE2076F5CD00579AA4 /* Products */,
				15100C7C33B6EAC81E2F27A1 /* Pods */,
				73900DD28116A0A28FAACB08 /* Frameworks */,
			);
			sourceTree = "<group>";
		};
		0311E4EE2076F5CD00579AA4 /* Products */ = {
			isa = PBXGroup;
			children = (
				0311E4ED2076F5CD00579AA4 /* saxy-weight.app */,
			);
			name = Products;
			sourceTree = "<group>";
		};
		0311E4EF2076F5CD00579AA4 /* saxy-weight */ = {
			isa = PBXGroup;
			children = (
				0311E5132078820000579AA4 /* Services */,
				0311E507207701C600579AA4 /* Controllers */,
				0311E506207701BB00579AA4 /* Views */,
				0311E505207701B300579AA4 /* Models */,
				0311E4F42076F5CD00579AA4 /* Main.storyboard */,
				0311E4FA2076F5CD00579AA4 /* Assets.xcassets */,
				0311E4FC2076F5CD00579AA4 /* LaunchScreen.storyboard */,
				0311E4FF2076F5CD00579AA4 /* Info.plist */,
				0311E4F72076F5CD00579AA4 /* saxy_weight.xcdatamodeld */,
			);
			path = "saxy-weight";
			sourceTree = "<group>";
		};
		0311E505207701B300579AA4 /* Models */ = {
			isa = PBXGroup;
			children = (
				0311E5162078826600579AA4 /* Weight.swift */,
			);
			path = Models;
			sourceTree = "<group>";
		};
		0311E506207701BB00579AA4 /* Views */ = {
			isa = PBXGroup;
			children = (
				0311E5082077163400579AA4 /* Card.swift */,
				0311E51A20795ED600579AA4 /* Card.xib */,
				0311E51C20795FFA00579AA4 /* Testy.swift */,
			);
			path = Views;
			sourceTree = "<group>";
		};
		0311E507207701C600579AA4 /* Controllers */ = {
			isa = PBXGroup;
			children = (
				0311E50A207719B700579AA4 /* TabNavigator */,
				0311E4F02076F5CD00579AA4 /* AppDelegate.swift */,
				0311E4F22076F5CD00579AA4 /* ViewController.swift */,
			);
			path = Controllers;
			sourceTree = "<group>";
		};
		0311E50A207719B700579AA4 /* TabNavigator */ = {
			isa = PBXGroup;
			children = (
				0311E50B207719FA00579AA4 /* HomeVC.swift */,
				0311E50D20771A0E00579AA4 /* WeightVC.swift */,
				0311E50F20771A2000579AA4 /* LogbookVC.swift */,
				0311E51120771A2E00579AA4 /* SettingsVC.swift */,
			);
			path = TabNavigator;
			sourceTree = "<group>";
		};
		0311E5132078820000579AA4 /* Services */ = {
			isa = PBXGroup;
			children = (
				0311E5142078821C00579AA4 /* WeightService.swift */,
			);
			path = Services;
			sourceTree = "<group>";
		};
		15100C7C33B6EAC81E2F27A1 /* Pods */ = {
			isa = PBXGroup;
			children = (
				F6667188EB63A4CA90EED322 /* Pods-saxy-weight.debug.xcconfig */,
				C5E8DE75A73334205173E677 /* Pods-saxy-weight.release.xcconfig */,
			);
			name = Pods;
			sourceTree = "<group>";
		};
		73900DD28116A0A28FAACB08 /* Frameworks */ = {
			isa = PBXGroup;
			children = (
				8539E7B33FE5D1D39BD48B02 /* Pods_saxy_weight.framework */,
			);
			name = Frameworks;
			sourceTree = "<group>";
		};
/* End PBXGroup section */

/* Begin PBXNativeTarget section */
		0311E4EC2076F5CD00579AA4 /* saxy-weight */ = {
			isa = PBXNativeTarget;
			buildConfigurationList = 0311E5022076F5CD00579AA4 /* Build configuration list for PBXNativeTarget "saxy-weight" */;
			buildPhases = (
				919D92A86E83766A4A24C9D4 /* [CP] Check Pods Manifest.lock */,
				0311E4E92076F5CD00579AA4 /* Sources */,
				0311E4EA2076F5CD00579AA4 /* Frameworks */,
				0311E4EB2076F5CD00579AA4 /* Resources */,
				5E3848621D7307EAC9CD1E37 /* [CP] Embed Pods Frameworks */,
				E179E5E01FED379954F0412A /* [CP] Copy Pods Resources */,
			);
			buildRules = (
			);
			dependencies = (
			);
			name = "saxy-weight";
			productName = "saxy-weight";
			productReference = 0311E4ED2076F5CD00579AA4 /* saxy-weight.app */;
			productType = "com.apple.product-type.application";
		};
/* End PBXNativeTarget section */

/* Begin PBXProject section */
		0311E4E52076F5CD00579AA4 /* Project object */ = {
			isa = PBXProject;
			attributes = {
				LastSwiftUpdateCheck = 0920;
				LastUpgradeCheck = 0920;
				ORGANIZATIONNAME = "Alan Sax";
				TargetAttributes = {
					0311E4EC2076F5CD00579AA4 = {
						CreatedOnToolsVersion = 9.2;
						ProvisioningStyle = Automatic;
					};
				};
			};
			buildConfigurationList = 0311E4E82076F5CD00579AA4 /* Build configuration list for PBXProject "saxy-weight" */;
			compatibilityVersion = "Xcode 8.0";
			developmentRegion = en;
			hasScannedForEncodings = 0;
			knownRegions = (
				en,
				Base,
			);
			mainGroup = 0311E4E42076F5CD00579AA4;
			productRefGroup = 0311E4EE2076F5CD00579AA4 /* Products */;
			projectDirPath = "";
			projectRoot = "";
			targets = (
				0311E4EC2076F5CD00579AA4 /* saxy-weight */,
			);
		};
/* End PBXProject section */

/* Begin PBXResourcesBuildPhase section */
		0311E4EB2076F5CD00579AA4 /* Resources */ = {
			isa = PBXResourcesBuildPhase;
			buildActionMask = 2147483647;
			files = (
				0311E4FE2076F5CD00579AA4 /* LaunchScreen.storyboard in Resources */,
				0311E4FB2076F5CD00579AA4 /* Assets.xcassets in Resources */,
				0311E4F62076F5CD00579AA4 /* Main.storyboard in Resources */,
				0311E51B20795ED600579AA4 /* Card.xib in Resources */,
			);
			runOnlyForDeploymentPostprocessing = 0;
		};
/* End PBXResourcesBuildPhase section */

/* Begin PBXShellScriptBuildPhase section */
		5E3848621D7307EAC9CD1E37 /* [CP] Embed Pods Frameworks */ = {
			isa = PBXShellScriptBuildPhase;
			buildActionMask = 2147483647;
			files = (
			);
			inputPaths = (
				"${SRCROOT}/Pods/Target Support Files/Pods-saxy-weight/Pods-saxy-weight-frameworks.sh",
				"${BUILT_PRODUCTS_DIR}/Alamofire/Alamofire.framework",
				"${BUILT_PRODUCTS_DIR}/DateToolsSwift/DateToolsSwift.framework",
				"${BUILT_PRODUCTS_DIR}/SwiftyJSON/SwiftyJSON.framework",
			);
			name = "[CP] Embed Pods Frameworks";
			outputPaths = (
				"${TARGET_BUILD_DIR}/${FRAMEWORKS_FOLDER_PATH}/Alamofire.framework",
				"${TARGET_BUILD_DIR}/${FRAMEWORKS_FOLDER_PATH}/DateToolsSwift.framework",
				"${TARGET_BUILD_DIR}/${FRAMEWORKS_FOLDER_PATH}/SwiftyJSON.framework",
			);
			runOnlyForDeploymentPostprocessing = 0;
			shellPath = /bin/sh;
			shellScript = "\"${SRCROOT}/Pods/Target Support Files/Pods-saxy-weight/Pods-saxy-weight-frameworks.sh\"\n";
			showEnvVarsInLog = 0;
		};
		919D92A86E83766A4A24C9D4 /* [CP] Check Pods Manifest.lock */ = {
			isa = PBXShellScriptBuildPhase;
			buildActionMask = 2147483647;
			files = (
			);
			inputPaths = (
				"${PODS_PODFILE_DIR_PATH}/Podfile.lock",
				"${PODS_ROOT}/Manifest.lock",
			);
			name = "[CP] Check Pods Manifest.lock";
			outputPaths = (
				"$(DERIVED_FILE_DIR)/Pods-saxy-weight-checkManifestLockResult.txt",
			);
			runOnlyForDeploymentPostprocessing = 0;
			shellPath = /bin/sh;
			shellScript = "diff \"${PODS_PODFILE_DIR_PATH}/Podfile.lock\" \"${PODS_ROOT}/Manifest.lock\" > /dev/null\nif [ $? != 0 ] ; then\n    # print error to STDERR\n    echo \"error: The sandbox is not in sync with the Podfile.lock. Run 'pod install' or update your CocoaPods installation.\" >&2\n    exit 1\nfi\n# This output is used by Xcode 'outputs' to avoid re-running this script phase.\necho \"SUCCESS\" > \"${SCRIPT_OUTPUT_FILE_0}\"\n";
			showEnvVarsInLog = 0;
		};
		E179E5E01FED379954F0412A /* [CP] Copy Pods Resources */ = {
			isa = PBXShellScriptBuildPhase;
			buildActionMask = 2147483647;
			files = (
			);
			inputPaths = (
			);
			name = "[CP] Copy Pods Resources";
			outputPaths = (
			);
			runOnlyForDeploymentPostprocessing = 0;
			shellPath = /bin/sh;
			shellScript = "\"${SRCROOT}/Pods/Target Support Files/Pods-saxy-weight/Pods-saxy-weight-resources.sh\"\n";
			showEnvVarsInLog = 0;
		};
/* End PBXShellScriptBuildPhase section */

/* Begin PBXSourcesBuildPhase section */
		0311E4E92076F5CD00579AA4 /* Sources */ = {
			isa = PBXSourcesBuildPhase;
			buildActionMask = 2147483647;
			files = (
				0311E4F32076F5CD00579AA4 /* ViewController.swift in Sources */,
				0311E50C207719FA00579AA4 /* HomeVC.swift in Sources */,
				0311E4F92076F5CD00579AA4 /* saxy_weight.xcdatamodeld in Sources */,
				0311E5152078821C00579AA4 /* WeightService.swift in Sources */,
				0311E4F12076F5CD00579AA4 /* AppDelegate.swift in Sources */,
				0311E5172078826600579AA4 /* Weight.swift in Sources */,
				0311E51020771A2000579AA4 /* LogbookVC.swift in Sources */,
				0311E51220771A2E00579AA4 /* SettingsVC.swift in Sources */,
				0311E50E20771A0E00579AA4 /* WeightVC.swift in Sources */,
				0311E5092077163400579AA4 /* Card.swift in Sources */,
				0311E51D20795FFA00579AA4 /* Testy.swift in Sources */,
			);
			runOnlyForDeploymentPostprocessing = 0;
		};
/* End PBXSourcesBuildPhase section */

/* Begin PBXVariantGroup section */
		0311E4F42076F5CD00579AA4 /* Main.storyboard */ = {
			isa = PBXVariantGroup;
			children = (
				0311E4F52076F5CD00579AA4 /* Base */,
			);
			name = Main.storyboard;
			sourceTree = "<group>";
		};
		0311E4FC2076F5CD00579AA4 /* LaunchScreen.storyboard */ = {
			isa = PBXVariantGroup;
			children = (
				0311E4FD2076F5CD00579AA4 /* Base */,
			);
			name = LaunchScreen.storyboard;
			sourceTree = "<group>";
		};
/* End PBXVariantGroup section */

/* Begin XCBuildConfiguration section */
		0311E5002076F5CD00579AA4 /* Debug */ = {
			isa = XCBuildConfiguration;
			buildSettings = {
				ALWAYS_SEARCH_USER_PATHS = NO;
				CLANG_ANALYZER_NONNULL = YES;
				CLANG_ANALYZER_NUMBER_OBJECT_CONVERSION = YES_AGGRESSIVE;
				CLANG_CXX_LANGUAGE_STANDARD = "gnu++14";
				CLANG_CXX_LIBRARY = "libc++";
				CLANG_ENABLE_MODULES = YES;
				CLANG_ENABLE_OBJC_ARC = YES;
				CLANG_WARN_BLOCK_CAPTURE_AUTORELEASING = YES;
				CLANG_WARN_BOOL_CONVERSION = YES;
				CLANG_WARN_COMMA = YES;
				CLANG_WARN_CONSTANT_CONVERSION = YES;
				CLANG_WARN_DIRECT_OBJC_ISA_USAGE = YES_ERROR;
				CLANG_WARN_DOCUMENTATION_COMMENTS = YES;
				CLANG_WARN_EMPTY_BODY = YES;
				CLANG_WARN_ENUM_CONVERSION = YES;
				CLANG_WARN_INFINITE_RECURSION = YES;
				CLANG_WARN_INT_CONVERSION = YES;
				CLANG_WARN_NON_LITERAL_NULL_CONVERSION = YES;
				CLANG_WARN_OBJC_LITERAL_CONVERSION = YES;
				CLANG_WARN_OBJC_ROOT_CLASS = YES_ERROR;
				CLANG_WARN_RANGE_LOOP_ANALYSIS = YES;
				CLANG_WARN_STRICT_PROTOTYPES = YES;
				CLANG_WARN_SUSPICIOUS_MOVE = YES;
				CLANG_WARN_UNGUARDED_AVAILABILITY = YES_AGGRESSIVE;
				CLANG_WARN_UNREACHABLE_CODE = YES;
				CLANG_WARN__DUPLICATE_METHOD_MATCH = YES;
				CODE_SIGN_IDENTITY = "iPhone Developer";
				COPY_PHASE_STRIP = NO;
				DEBUG_INFORMATION_FORMAT = dwarf;
				ENABLE_STRICT_OBJC_MSGSEND = YES;
				ENABLE_TESTABILITY = YES;
				GCC_C_LANGUAGE_STANDARD = gnu11;
				GCC_DYNAMIC_NO_PIC = NO;
				GCC_NO_COMMON_BLOCKS = YES;
				GCC_OPTIMIZATION_LEVEL = 0;
				GCC_PREPROCESSOR_DEFINITIONS = (
					"DEBUG=1",
					"$(inherited)",
				);
				GCC_WARN_64_TO_32_BIT_CONVERSION = YES;
				GCC_WARN_ABOUT_RETURN_TYPE = YES_ERROR;
				GCC_WARN_UNDECLARED_SELECTOR = YES;
				GCC_WARN_UNINITIALIZED_AUTOS = YES_AGGRESSIVE;
				GCC_WARN_UNUSED_FUNCTION = YES;
				GCC_WARN_UNUSED_VARIABLE = YES;
				IPHONEOS_DEPLOYMENT_TARGET = 11.2;
				MTL_ENABLE_DEBUG_INFO = YES;
				ONLY_ACTIVE_ARCH = YES;
				SDKROOT = iphoneos;
				SWIFT_ACTIVE_COMPILATION_CONDITIONS = DEBUG;
				SWIFT_OPTIMIZATION_LEVEL = "-Onone";
			};
			name = Debug;
		};
		0311E5012076F5CD00579AA4 /* Release */ = {
			isa = XCBuildConfiguration;
			buildSettings = {
				ALWAYS_SEARCH_USER_PATHS = NO;
				CLANG_ANALYZER_NONNULL = YES;
				CLANG_ANALYZER_NUMBER_OBJECT_CONVERSION = YES_AGGRESSIVE;
				CLANG_CXX_LANGUAGE_STANDARD = "gnu++14";
				CLANG_CXX_LIBRARY = "libc++";
				CLANG_ENABLE_MODULES = YES;
				CLANG_ENABLE_OBJC_ARC = YES;
				CLANG_WARN_BLOCK_CAPTURE_AUTORELEASING = YES;
				CLANG_WARN_BOOL_CONVERSION = YES;
				CLANG_WARN_COMMA = YES;
				CLANG_WARN_CONSTANT_CONVERSION = YES;
				CLANG_WARN_DIRECT_OBJC_ISA_USAGE = YES_ERROR;
				CLANG_WARN_DOCUMENTATION_COMMENTS = YES;
				CLANG_WARN_EMPTY_BODY = YES;
				CLANG_WARN_ENUM_CONVERSION = YES;
				CLANG_WARN_INFINITE_RECURSION = YES;
				CLANG_WARN_INT_CONVERSION = YES;
				CLANG_WARN_NON_LITERAL_NULL_CONVERSION = YES;
				CLANG_WARN_OBJC_LITERAL_CONVERSION = YES;
				CLANG_WARN_OBJC_ROOT_CLASS = YES_ERROR;
				CLANG_WARN_RANGE_LOOP_ANALYSIS = YES;
				CLANG_WARN_STRICT_PROTOTYPES = YES;
				CLANG_WARN_SUSPICIOUS_MOVE = YES;
				CLANG_WARN_UNGUARDED_AVAILABILITY = YES_AGGRESSIVE;
				CLANG_WARN_UNREACHABLE_CODE = YES;
				CLANG_WARN__DUPLICATE_METHOD_MATCH = YES;
				CODE_SIGN_IDENTITY = "iPhone Developer";
				COPY_PHASE_STRIP = NO;
				DEBUG_INFORMATION_FORMAT = "dwarf-with-dsym";
				ENABLE_NS_ASSERTIONS = NO;
				ENABLE_STRICT_OBJC_MSGSEND = YES;
				GCC_C_LANGUAGE_STANDARD = gnu11;
				GCC_NO_COMMON_BLOCKS = YES;
				GCC_WARN_64_TO_32_BIT_CONVERSION = YES;
				GCC_WARN_ABOUT_RETURN_TYPE = YES_ERROR;
				GCC_WARN_UNDECLARED_SELECTOR = YES;
				GCC_WARN_UNINITIALIZED_AUTOS = YES_AGGRESSIVE;
				GCC_WARN_UNUSED_FUNCTION = YES;
				GCC_WARN_UNUSED_VARIABLE = YES;
				IPHONEOS_DEPLOYMENT_TARGET = 11.2;
				MTL_ENABLE_DEBUG_INFO = NO;
				SDKROOT = iphoneos;
				SWIFT_OPTIMIZATION_LEVEL = "-Owholemodule";
				VALIDATE_PRODUCT = YES;
			};
			name = Release;
		};
		0311E5032076F5CD00579AA4 /* Debug */ = {
			isa = XCBuildConfiguration;
			baseConfigurationReference = F6667188EB63A4CA90EED322 /* Pods-saxy-weight.debug.xcconfig */;
			buildSettings = {
				ASSETCATALOG_COMPILER_APPICON_NAME = AppIcon;
				CODE_SIGN_STYLE = Automatic;
				DEVELOPMENT_TEAM = CC6R63P87K;
				INFOPLIST_FILE = "saxy-weight/Info.plist";
				LD_RUNPATH_SEARCH_PATHS = "$(inherited) @executable_path/Frameworks";
				PRODUCT_BUNDLE_IDENTIFIER = "saxal.saxy-weight";
				PRODUCT_NAME = "$(TARGET_NAME)";
				SWIFT_VERSION = 4.0;
				TARGETED_DEVICE_FAMILY = "1,2";
			};
			name = Debug;
		};
		0311E5042076F5CD00579AA4 /* Release */ = {
			isa = XCBuildConfiguration;
			baseConfigurationReference = C5E8DE75A73334205173E677 /* Pods-saxy-weight.release.xcconfig */;
			buildSettings = {
				ASSETCATALOG_COMPILER_APPICON_NAME = AppIcon;
				CODE_SIGN_STYLE = Automatic;
				DEVELOPMENT_TEAM = CC6R63P87K;
				INFOPLIST_FILE = "saxy-weight/Info.plist";
				LD_RUNPATH_SEARCH_PATHS = "$(inherited) @executable_path/Frameworks";
				PRODUCT_BUNDLE_IDENTIFIER = "saxal.saxy-weight";
				PRODUCT_NAME = "$(TARGET_NAME)";
				SWIFT_VERSION = 4.0;
				TARGETED_DEVICE_FAMILY = "1,2";
			};
			name = Release;
		};
/* End XCBuildConfiguration section */

/* Begin XCConfigurationList section */
		0311E4E82076F5CD00579AA4 /* Build configuration list for PBXProject "saxy-weight" */ = {
			isa = XCConfigurationList;
			buildConfigurations = (
				0311E5002076F5CD00579AA4 /* Debug */,
				0311E5012076F5CD00579AA4 /* Release */,
			);
			defaultConfigurationIsVisible = 0;
			defaultConfigurationName = Release;
		};
		0311E5022076F5CD00579AA4 /* Build configuration list for PBXNativeTarget "saxy-weight" */ = {
			isa = XCConfigurationList;
			buildConfigurations = (
				0311E5032076F5CD00579AA4 /* Debug */,
				0311E5042076F5CD00579AA4 /* Release */,
			);
			defaultConfigurationIsVisible = 0;
			defaultConfigurationName = Release;
		};
/* End XCConfigurationList section */

/* Begin XCVersionGroup section */
		0311E4F72076F5CD00579AA4 /* saxy_weight.xcdatamodeld */ = {
			isa = XCVersionGroup;
			children = (
				0311E4F82076F5CD00579AA4 /* saxy_weight.xcdatamodel */,
			);
			currentVersion = 0311E4F82076F5CD00579AA4 /* saxy_weight.xcdatamodel */;
			path = saxy_weight.xcdatamodeld;
			sourceTree = "<group>";
			versionGroupType = wrapper.xcdatamodel;
		};
/* End XCVersionGroup section */
	};
	rootObject = 0311E4E52076F5CD00579AA4 /* Project object */;
}
